
Microsoft Visual Studio Solution File, Format Version 12.00
# Visual Studio 15
VisualStudioVersion = 15.0.26730.16
MinimumVisualStudioVersion = 10.0.40219.1
Project("{FAE04EC0-301F-11D3-BF4B-00C04F79EFBC}") = "OurCars", "OurCars\OurCars.csproj", "{2C892562-A392-4D90-AB24-ECB15E1250F7}"
EndProject
Global
	GlobalSection(SolutionConfigurationPlatforms) = preSolution
		Debug|Any CPU = Debug|Any CPU
		Release|Any CPU = Release|Any CPU
	EndGlobalSection
	GlobalSection(ProjectConfigurationPlatforms) = postSolution
		{2C892562-A392-4D90-AB24-ECB15E1250F7}.Debug|Any CPU.ActiveCfg = Debug|Any CPU
		{2C892562-A392-4D90-AB24-ECB15E1250F7}.Debug|Any CPU.Build.0 = Debug|Any CPU
		{2C892562-A392-4D90-AB24-ECB15E1250F7}.Release|Any CPU.ActiveCfg = Release|Any CPU
		{2C892562-A392-4D90-AB24-ECB15E1250F7}.Release|Any CPU.Build.0 = Release|Any CPU
	EndGlobalSection
	GlobalSection(SolutionProperties) = preSolution
		HideSolutionNode = FALSE
	EndGlobalSection
	GlobalSection(ExtensibilityGlobals) = postSolution
		SolutionGuid = {3917F4EA-8AE6-4707-8C1B-9057BDF81A93}
	EndGlobalSection
EndGlobal
